
Microsoft Visual Studio Solution File, Format Version 12.00
# Visual Studio Version 17
VisualStudioVersion = 17.10.35013.160
MinimumVisualStudioVersion = 10.0.40219.1
Project("{FAE04EC0-301F-11D3-BF4B-00C04F79EFBC}") = "SensorSever", "SensorSever\SensorSever.csproj", "{F140AC91-B382-48C6-BFB3-E31AD8DE225E}"
EndProject
Global
	GlobalSection(SolutionConfigurationPlatforms) = preSolution
		Debug|Any CPU = Debug|Any CPU
		Release|Any CPU = Release|Any CPU
	EndGlobalSection
	GlobalSection(ProjectConfigurationPlatforms) = postSolution
		{F140AC91-B382-48C6-BFB3-E31AD8DE225E}.Debug|Any CPU.ActiveCfg = Debug|Any CPU
		{F140AC91-B382-48C6-BFB3-E31AD8DE225E}.Debug|Any CPU.Build.0 = Debug|Any CPU
		{F140AC91-B382-48C6-BFB3-E31AD8DE225E}.Release|Any CPU.ActiveCfg = Release|Any CPU
		{F140AC91-B382-48C6-BFB3-E31AD8DE225E}.Release|Any CPU.Build.0 = Release|Any CPU
	EndGlobalSection
	GlobalSection(SolutionProperties) = preSolution
		HideSolutionNode = FALSE
	EndGlobalSection
	GlobalSection(ExtensibilityGlobals) = postSolution
		SolutionGuid = {B2C9F3BC-3E24-4C9B-A829-0A6BD5C3FEFF}
	EndGlobalSection
EndGlobal
